# THIS IS AN AUTOGENERATED FILE. DO NOT EDIT THIS FILE DIRECTLY.
# yarn lockfile v1


"asynckit@^0.4.0":
  "integrity" "sha1-x57Zf380y48robyXkLzDZkdLS3k="
  "resolved" "https://registry.npmjs.org/asynckit/-/asynckit-0.4.0.tgz"
  "version" "0.4.0"

"combined-stream@^1.0.8":
  "integrity" "sha512-FQN4MRfuJeHf7cBbBMJFXhKSDq+2kAArBlmRBvcvFE5BB1HZKXtSFASDhdlz9zOYwxh8lDdnvmMOe/+5cdoEdg=="
  "resolved" "https://registry.npmjs.org/combined-stream/-/combined-stream-1.0.8.tgz"
  "version" "1.0.8"
  dependencies:
    "delayed-stream" "~1.0.0"

"cross-fetch@^3.0.6":
  "integrity" "sha512-1eAtFWdIubi6T4XPy6ei9iUFoKpUkIF971QLN8lIvvvwueI65+Nw5haMNKUwfJxabqlIIDODJKGrQ66gxC0PbQ=="
  "resolved" "https://registry.npmjs.org/cross-fetch/-/cross-fetch-3.1.4.tgz"
  "version" "3.1.4"
  dependencies:
    "node-fetch" "2.6.1"

"delayed-stream@~1.0.0":
  "integrity" "sha1-3zrhmayt+31ECqrgsp4icrJOxhk="
  "resolved" "https://registry.npmjs.org/delayed-stream/-/delayed-stream-1.0.0.tgz"
  "version" "1.0.0"

"extract-files@^9.0.0":
  "integrity" "sha512-CvdFfHkC95B4bBBk36hcEmvdR2awOdhhVUYH6S/zrVj3477zven/fJMYg7121h4T1xHZC+tetUpubpAhxwI7hQ=="
  "resolved" "https://registry.npmjs.org/extract-files/-/extract-files-9.0.0.tgz"
  "version" "9.0.0"

"form-data@^3.0.0":
  "integrity" "sha512-RHkBKtLWUVwd7SqRIvCZMEvAMoGUp0XU+seQiZejj0COz3RI3hWP4sCv3gZWWLjJTd7rGwcsF5eKZGii0r/hbg=="
  "resolved" "https://registry.npmjs.org/form-data/-/form-data-3.0.1.tgz"
  "version" "3.0.1"
  dependencies:
    "asynckit" "^0.4.0"
    "combined-stream" "^1.0.8"
    "mime-types" "^2.1.12"

"graphql-request@^3.7.0":
  "integrity" "sha512-dw5PxHCgBneN2DDNqpWu8QkbbJ07oOziy8z+bK/TAXufsOLaETuVO4GkXrbs0WjhdKhBMN3BkpN/RIvUHkmNUQ=="
  "resolved" "https://registry.npmjs.org/graphql-request/-/graphql-request-3.7.0.tgz"
  "version" "3.7.0"
  dependencies:
    "cross-fetch" "^3.0.6"
    "extract-files" "^9.0.0"
    "form-data" "^3.0.0"

"graphql@14 - 16":
  "integrity" "sha512-MuQd7XXrdOcmfwuLwC2jNvx0n3rxIuNYOxUtiee5XOmfrWo613ar2U8pE7aHAKh8VwfpifubpD9IP+EdEAEOsA=="
  "resolved" "https://registry.npmjs.org/graphql/-/graphql-16.2.0.tgz"
  "version" "16.2.0"

"mime-db@1.51.0":
  "integrity" "sha512-5y8A56jg7XVQx2mbv1lu49NR4dokRnhZYTtL+KGfaa27uq4pSTXkwQkFJl4pkRMyNFz/EtYDSkiiEHx3F7UN6g=="
  "resolved" "https://registry.npmjs.org/mime-db/-/mime-db-1.51.0.tgz"
  "version" "1.51.0"

"mime-types@^2.1.12":
  "integrity" "sha512-6cP692WwGIs9XXdOO4++N+7qjqv0rqxxVvJ3VHPh/Sc9mVZcQP+ZGhkKiTvWMQRr2tbHkJP/Yn7Y0npb3ZBs4A=="
  "resolved" "https://registry.npmjs.org/mime-types/-/mime-types-2.1.34.tgz"
  "version" "2.1.34"
  dependencies:
    "mime-db" "1.51.0"

"node-fetch@2.6.1":
  "integrity" "sha512-V4aYg89jEoVRxRb2fJdAg8FHvI7cEyYdVAh94HH0UIK8oJxUfkjlDQN9RbMx+bEjP7+ggMiFRprSti032Oipxw=="
  "resolved" "https://registry.npmjs.org/node-fetch/-/node-fetch-2.6.1.tgz"
  "version" "2.6.1"
